
Microsoft Visual Studio Solution File, Format Version 12.00
# Visual Studio Version 17
VisualStudioVersion = 17.9.34723.18
MinimumVisualStudioVersion = 10.0.40219.1
Project("{8BC9CEB8-8B4A-11D0-8D11-00A0C91BC942}") = "LBYARCH", "LBYARCH\LBYARCH.vcxproj", "{3084CACE-8D59-41CC-B186-9F7C774BD5BD}"
EndProject
Global
	GlobalSection(SolutionConfigurationPlatforms) = preSolution
		Debug|x64 = Debug|x64
		Debug|x86 = Debug|x86
		Release|x64 = Release|x64
		Release|x86 = Release|x86
	EndGlobalSection
	GlobalSection(ProjectConfigurationPlatforms) = postSolution
		{3084CACE-8D59-41CC-B186-9F7C774BD5BD}.Debug|x64.ActiveCfg = Debug|x64
		{3084CACE-8D59-41CC-B186-9F7C774BD5BD}.Debug|x64.Build.0 = Debug|x64
		{3084CACE-8D59-41CC-B186-9F7C774BD5BD}.Debug|x86.ActiveCfg = Debug|Win32
		{3084CACE-8D59-41CC-B186-9F7C774BD5BD}.Debug|x86.Build.0 = Debug|Win32
		{3084CACE-8D59-41CC-B186-9F7C774BD5BD}.Release|x64.ActiveCfg = Release|x64
		{3084CACE-8D59-41CC-B186-9F7C774BD5BD}.Release|x64.Build.0 = Release|x64
		{3084CACE-8D59-41CC-B186-9F7C774BD5BD}.Release|x86.ActiveCfg = Release|Win32
		{3084CACE-8D59-41CC-B186-9F7C774BD5BD}.Release|x86.Build.0 = Release|Win32
	EndGlobalSection
	GlobalSection(SolutionProperties) = preSolution
		HideSolutionNode = FALSE
	EndGlobalSection
	GlobalSection(ExtensibilityGlobals) = postSolution
		SolutionGuid = {02E7F020-DE2A-4F84-8D36-EE21DAC1E616}
	EndGlobalSection
EndGlobal
